
Microsoft Visual Studio Solution File, Format Version 12.00
# Visual Studio Version 16
VisualStudioVersion = 16.0.31112.23
MinimumVisualStudioVersion = 10.0.40219.1
Project("{FAE04EC0-301F-11D3-BF4B-00C04F79EFBC}") = "DD File Editor", "DD File Editor\DD File Editor.csproj", "{5F537704-77D6-43BC-A464-FAAA493D47DE}"
EndProject
Project("{54435603-DBB4-11D2-8724-00A0C9A8B90C}") = "DD File Editor Setup", "DD File Editor Setup\DD File Editor Setup.vdproj", "{31F54E43-9FAA-49E3-BB90-816A44FF8140}"
EndProject
Global
	GlobalSection(SolutionConfigurationPlatforms) = preSolution
		Debug|Any CPU = Debug|Any CPU
		Release|Any CPU = Release|Any CPU
	EndGlobalSection
	GlobalSection(ProjectConfigurationPlatforms) = postSolution
		{5F537704-77D6-43BC-A464-FAAA493D47DE}.Debug|Any CPU.ActiveCfg = Debug|Any CPU
		{5F537704-77D6-43BC-A464-FAAA493D47DE}.Debug|Any CPU.Build.0 = Debug|Any CPU
		{5F537704-77D6-43BC-A464-FAAA493D47DE}.Release|Any CPU.ActiveCfg = Release|Any CPU
		{5F537704-77D6-43BC-A464-FAAA493D47DE}.Release|Any CPU.Build.0 = Release|Any CPU
		{31F54E43-9FAA-49E3-BB90-816A44FF8140}.Debug|Any CPU.ActiveCfg = Debug
		{31F54E43-9FAA-49E3-BB90-816A44FF8140}.Release|Any CPU.ActiveCfg = Release
	EndGlobalSection
	GlobalSection(SolutionProperties) = preSolution
		HideSolutionNode = FALSE
	EndGlobalSection
	GlobalSection(ExtensibilityGlobals) = postSolution
		SolutionGuid = {B84D07F4-A686-4A0C-BD2E-FBE7B2172DEC}
	EndGlobalSection
EndGlobal
